
Microsoft Visual Studio Solution File, Format Version 12.00
# Visual Studio Version 17
VisualStudioVersion = 17.6.33723.286
MinimumVisualStudioVersion = 10.0.40219.1
Project("{FAE04EC0-301F-11D3-BF4B-00C04F79EFBC}") = "Snake", "Snake\Snake.csproj", "{86804CC3-9175-47E9-867D-5950D9948272}"
EndProject
Global
	GlobalSection(SolutionConfigurationPlatforms) = preSolution
		Debug|Any CPU = Debug|Any CPU
		Release|Any CPU = Release|Any CPU
	EndGlobalSection
	GlobalSection(ProjectConfigurationPlatforms) = postSolution
		{86804CC3-9175-47E9-867D-5950D9948272}.Debug|Any CPU.ActiveCfg = Debug|Any CPU
		{86804CC3-9175-47E9-867D-5950D9948272}.Debug|Any CPU.Build.0 = Debug|Any CPU
		{86804CC3-9175-47E9-867D-5950D9948272}.Release|Any CPU.ActiveCfg = Release|Any CPU
		{86804CC3-9175-47E9-867D-5950D9948272}.Release|Any CPU.Build.0 = Release|Any CPU
	EndGlobalSection
	GlobalSection(SolutionProperties) = preSolution
		HideSolutionNode = FALSE
	EndGlobalSection
	GlobalSection(ExtensibilityGlobals) = postSolution
		SolutionGuid = {AB03ED39-7FF8-48F6-8E71-E483F620FBE4}
	EndGlobalSection
EndGlobal
